
Microsoft Visual Studio Solution File, Format Version 12.00
# Visual Studio Version 17
VisualStudioVersion = 17.0.32014.148
MinimumVisualStudioVersion = 10.0.40219.1
Project("{9A19103F-16F7-4668-BE54-9A1E7A4F7556}") = "FilmesAPI", "FilmesAPI\FilmesAPI.csproj", "{8AE181DE-8FBB-4FB9-AC17-06A5712E4B76}"
EndProject
Project("{FAE04EC0-301F-11D3-BF4B-00C04F79EFBC}") = "UsuariosAPI", "UsuariosAPI\UsuariosAPI.csproj", "{6F957A57-2225-452E-9EB5-5E220216E1B9}"
EndProject
Global
	GlobalSection(SolutionConfigurationPlatforms) = preSolution
		Debug|Any CPU = Debug|Any CPU
		Release|Any CPU = Release|Any CPU
	EndGlobalSection
	GlobalSection(ProjectConfigurationPlatforms) = postSolution
		{8AE181DE-8FBB-4FB9-AC17-06A5712E4B76}.Debug|Any CPU.ActiveCfg = Debug|Any CPU
		{8AE181DE-8FBB-4FB9-AC17-06A5712E4B76}.Debug|Any CPU.Build.0 = Debug|Any CPU
		{8AE181DE-8FBB-4FB9-AC17-06A5712E4B76}.Release|Any CPU.ActiveCfg = Release|Any CPU
		{8AE181DE-8FBB-4FB9-AC17-06A5712E4B76}.Release|Any CPU.Build.0 = Release|Any CPU
		{6F957A57-2225-452E-9EB5-5E220216E1B9}.Debug|Any CPU.ActiveCfg = Debug|Any CPU
		{6F957A57-2225-452E-9EB5-5E220216E1B9}.Debug|Any CPU.Build.0 = Debug|Any CPU
		{6F957A57-2225-452E-9EB5-5E220216E1B9}.Release|Any CPU.ActiveCfg = Release|Any CPU
		{6F957A57-2225-452E-9EB5-5E220216E1B9}.Release|Any CPU.Build.0 = Release|Any CPU
	EndGlobalSection
	GlobalSection(SolutionProperties) = preSolution
		HideSolutionNode = FALSE
	EndGlobalSection
	GlobalSection(ExtensibilityGlobals) = postSolution
		SolutionGuid = {D03E2C9C-F673-49C7-B246-F622B75EF7F3}
	EndGlobalSection
EndGlobal
